
Microsoft Visual Studio Solution File, Format Version 12.00
# Visual Studio Version 17
VisualStudioVersion = 17.0.31710.8
MinimumVisualStudioVersion = 10.0.40219.1
Project("{FAE04EC0-301F-11D3-BF4B-00C04F79EFBC}") = "VancouverSkyline", "VancouverSkyline.csproj", "{7F80F89F-4DFF-4274-9131-C6B2AC860B02}"
EndProject
Global
	GlobalSection(SolutionConfigurationPlatforms) = preSolution
		Debug|Any CPU = Debug|Any CPU
		Release|Any CPU = Release|Any CPU
	EndGlobalSection
	GlobalSection(ProjectConfigurationPlatforms) = postSolution
		{7F80F89F-4DFF-4274-9131-C6B2AC860B02}.Debug|Any CPU.ActiveCfg = Debug|Any CPU
		{7F80F89F-4DFF-4274-9131-C6B2AC860B02}.Debug|Any CPU.Build.0 = Debug|Any CPU
		{7F80F89F-4DFF-4274-9131-C6B2AC860B02}.Release|Any CPU.ActiveCfg = Release|Any CPU
		{7F80F89F-4DFF-4274-9131-C6B2AC860B02}.Release|Any CPU.Build.0 = Release|Any CPU
	EndGlobalSection
	GlobalSection(SolutionProperties) = preSolution
		HideSolutionNode = FALSE
	EndGlobalSection
	GlobalSection(ExtensibilityGlobals) = postSolution
		SolutionGuid = {2FEAAC49-8671-4C35-8576-75E7AA732BE2}
	EndGlobalSection
EndGlobal
